
Microsoft Visual Studio Solution File, Format Version 12.00
# Visual Studio Version 17
VisualStudioVersion = 17.0.31903.59
MinimumVisualStudioVersion = 10.0.40219.1
Project("{FAE04EC0-301F-11D3-BF4B-00C04F79EFBC}") = "Liquido.Client", "Liquido.Client\Liquido.Client.csproj", "{39D703EB-79B0-4299-829E-74ABE31D420A}"
EndProject
Project("{FAE04EC0-301F-11D3-BF4B-00C04F79EFBC}") = "Liquido.Api", "Liquido.Api\Liquido.Api.csproj", "{EB4F1318-5C6C-413F-98A4-EF8CF7C6AEDF}"
EndProject
Global
	GlobalSection(SolutionConfigurationPlatforms) = preSolution
		Debug|Any CPU = Debug|Any CPU
		Debug|x64 = Debug|x64
		Debug|x86 = Debug|x86
		Release|Any CPU = Release|Any CPU
		Release|x64 = Release|x64
		Release|x86 = Release|x86
	EndGlobalSection
	GlobalSection(ProjectConfigurationPlatforms) = postSolution
		{39D703EB-79B0-4299-829E-74ABE31D420A}.Debug|Any CPU.ActiveCfg = Debug|Any CPU
		{39D703EB-79B0-4299-829E-74ABE31D420A}.Debug|Any CPU.Build.0 = Debug|Any CPU
		{39D703EB-79B0-4299-829E-74ABE31D420A}.Debug|x64.ActiveCfg = Debug|Any CPU
		{39D703EB-79B0-4299-829E-74ABE31D420A}.Debug|x64.Build.0 = Debug|Any CPU
		{39D703EB-79B0-4299-829E-74ABE31D420A}.Debug|x86.ActiveCfg = Debug|Any CPU
		{39D703EB-79B0-4299-829E-74ABE31D420A}.Debug|x86.Build.0 = Debug|Any CPU
		{39D703EB-79B0-4299-829E-74ABE31D420A}.Release|Any CPU.ActiveCfg = Release|Any CPU
		{39D703EB-79B0-4299-829E-74ABE31D420A}.Release|Any CPU.Build.0 = Release|Any CPU
		{39D703EB-79B0-4299-829E-74ABE31D420A}.Release|x64.ActiveCfg = Release|Any CPU
		{39D703EB-79B0-4299-829E-74ABE31D420A}.Release|x64.Build.0 = Release|Any CPU
		{39D703EB-79B0-4299-829E-74ABE31D420A}.Release|x86.ActiveCfg = Release|Any CPU
		{39D703EB-79B0-4299-829E-74ABE31D420A}.Release|x86.Build.0 = Release|Any CPU
		{EB4F1318-5C6C-413F-98A4-EF8CF7C6AEDF}.Debug|Any CPU.ActiveCfg = Debug|Any CPU
		{EB4F1318-5C6C-413F-98A4-EF8CF7C6AEDF}.Debug|Any CPU.Build.0 = Debug|Any CPU
		{EB4F1318-5C6C-413F-98A4-EF8CF7C6AEDF}.Debug|x64.ActiveCfg = Debug|Any CPU
		{EB4F1318-5C6C-413F-98A4-EF8CF7C6AEDF}.Debug|x64.Build.0 = Debug|Any CPU
		{EB4F1318-5C6C-413F-98A4-EF8CF7C6AEDF}.Debug|x86.ActiveCfg = Debug|Any CPU
		{EB4F1318-5C6C-413F-98A4-EF8CF7C6AEDF}.Debug|x86.Build.0 = Debug|Any CPU
		{EB4F1318-5C6C-413F-98A4-EF8CF7C6AEDF}.Release|Any CPU.ActiveCfg = Release|Any CPU
		{EB4F1318-5C6C-413F-98A4-EF8CF7C6AEDF}.Release|Any CPU.Build.0 = Release|Any CPU
		{EB4F1318-5C6C-413F-98A4-EF8CF7C6AEDF}.Release|x64.ActiveCfg = Release|Any CPU
		{EB4F1318-5C6C-413F-98A4-EF8CF7C6AEDF}.Release|x64.Build.0 = Release|Any CPU
		{EB4F1318-5C6C-413F-98A4-EF8CF7C6AEDF}.Release|x86.ActiveCfg = Release|Any CPU
		{EB4F1318-5C6C-413F-98A4-EF8CF7C6AEDF}.Release|x86.Build.0 = Release|Any CPU
	EndGlobalSection
	GlobalSection(SolutionProperties) = preSolution
		HideSolutionNode = FALSE
	EndGlobalSection
EndGlobal
